<?xml version="1.0" encoding="utf-8"?>
<Project ToolsVersion="4.0" xmlns="http://schemas.microsoft.com/developer/msbuild/2003">
  <ItemGroup>
    <Filter Include="Source Files">
      <UniqueIdentifier>{250D6BC2-4AC9-4030-9C82-A65FA300CFA3}</UniqueIdentifier>
    </Filter>
    <Filter Include="Header Files">
      <UniqueIdentifier>{4968520E-F460-4552-9CCE-30D6E9F5E031}</UniqueIdentifier>
    </Filter>
  </ItemGroup>
  <ItemGroup>
    <ClCompile Include="active.cpp">
      <Filter>Source Files</Filter>
    </ClCompile>
    <ClCompile Include="crashhandler_win.cpp">
      <Filter>Source Files</Filter>
    </ClCompile>
    <ClCompile Include="g2log.cpp">
      <Filter>Source Files</Filter>
    </ClCompile>
    <ClCompile Include="g2logworker.cpp">
      <Filter>Source Files</Filter>
    </ClCompile>
    <ClCompile Include="g2time.cpp">
      <Filter>Source Files</Filter>
    </ClCompile>
  </ItemGroup>
  <ItemGroup>
    <ClInclude Include="active.h">
      <Filter>Header Files</Filter>
    </ClInclude>
    <ClInclude Include="crashhandler.h">
      <Filter>Header Files</Filter>
    </ClInclude>
    <ClInclude Include="g2future.h">
      <Filter>Header Files</Filter>
    </ClInclude>
    <ClInclude Include="g2log.h">
      <Filter>Header Files</Filter>
    </ClInclude>
    <ClInclude Include="g2logworker.h">
      <Filter>Header Files</Filter>
    </ClInclude>
    <ClInclude Include="g2time.h">
      <Filter>Header Files</Filter>
    </ClInclude>
    <ClInclude Include="g2moveoncopy.hpp">
      <Filter>Source Files</Filter>
    </ClInclude>
  </ItemGroup>
</Project>